<?xml version="1.0" encoding="utf-8"?>
<Project ToolsVersion="4.0" xmlns="http://schemas.microsoft.com/developer/msbuild/2003">
  <ItemGroup>
    <Filter Include="源文件">
      <UniqueIdentifier>{4FC737F1-C7A5-4376-A066-2A32D752A2FF}</UniqueIdentifier>
      <Extensions>cpp;c;cc;cxx;c++;cppm;ixx;def;odl;idl;hpj;bat;asm;asmx</Extensions>
    </Filter>
    <Filter Include="头文件">
      <UniqueIdentifier>{93995380-89BD-4b04-88EB-625FBE52EBFB}</UniqueIdentifier>
      <Extensions>h;hh;hpp;hxx;h++;hm;inl;inc;ipp;xsd</Extensions>
    </Filter>
    <Filter Include="资源文件">
      <UniqueIdentifier>{67DA6AB6-F800-4c08-8B7A-83BB121AAD01}</UniqueIdentifier>
      <Extensions>rc;ico;cur;bmp;dlg;rc2;rct;bin;rgs;gif;jpg;jpeg;jpe;resx;tiff;tif;png;wav;mfcribbon-ms</Extensions>
    </Filter>
    <Filter Include="头文件\数据组件">
      <UniqueIdentifier>{5b4d66cd-389c-4ced-91af-2f83a922aa33}</UniqueIdentifier>
    </Filter>
    <Filter Include="源文件\数据组件">
      <UniqueIdentifier>{418fc1a3-69c5-407f-b921-e5285bfbd4f8}</UniqueIdentifier>
    </Filter>
    <Filter Include="头文件\对象">
      <UniqueIdentifier>{5d31804c-be50-4463-a022-acb88db9e7ff}</UniqueIdentifier>
    </Filter>
    <Filter Include="窗口类">
      <UniqueIdentifier>{0c3c3298-a831-42e8-9a22-9e3ae9d2f1e4}</UniqueIdentifier>
    </Filter>
    <Filter Include="控件类">
      <UniqueIdentifier>{d95a2363-334b-4acc-9e46-c072337a3892}</UniqueIdentifier>
    </Filter>
    <Filter Include="窗口类\消息循环">
      <UniqueIdentifier>{abf74298-feba-47f6-b9dd-dd6cd9b8f7b6}</UniqueIdentifier>
    </Filter>
    <Filter Include="窗口类\着色器文件">
      <UniqueIdentifier>{3fd1aff7-6499-4e21-ab8b-2ec020a37d07}</UniqueIdentifier>
    </Filter>
  </ItemGroup>
  <ItemGroup>
    <ClInclude Include="framework.h">
      <Filter>头文件</Filter>
    </ClInclude>
    <ClInclude Include="targetver.h">
      <Filter>头文件</Filter>
    </ClInclude>
    <ClInclude Include="Resource.h">
      <Filter>头文件</Filter>
    </ClInclude>
    <ClInclude Include="机器学习win.h">
      <Filter>头文件</Filter>
    </ClInclude>
    <ClInclude Include="Menu.h">
      <Filter>头文件</Filter>
    </ClInclude>
    <ClInclude Include="project.h">
      <Filter>头文件</Filter>
    </ClInclude>
    <ClInclude Include="字符转换.h">
      <Filter>头文件\数据组件</Filter>
    </ClInclude>
    <ClInclude Include="消息循环声明.h">
      <Filter>头文件</Filter>
    </ClInclude>
    <ClInclude Include="WndData.h">
      <Filter>头文件\数据组件</Filter>
    </ClInclude>
    <ClInclude Include="vector_向量.h">
      <Filter>头文件\数据组件</Filter>
    </ClInclude>
    <ClInclude Include="Object.h">
      <Filter>头文件\对象</Filter>
    </ClInclude>
    <ClInclude Include="神经网络.h">
      <Filter>头文件</Filter>
    </ClInclude>
    <ClInclude Include="network.h">
      <Filter>头文件</Filter>
    </ClInclude>
    <ClInclude Include="MainWind.h">
      <Filter>窗口类</Filter>
    </ClInclude>
    <ClInclude Include="DetaileWind.h">
      <Filter>窗口类</Filter>
    </ClInclude>
    <ClInclude Include="Tree_树控件.h">
      <Filter>控件类</Filter>
    </ClInclude>
    <ClInclude Include="DetaileControl.h">
      <Filter>控件类</Filter>
    </ClInclude>
    <ClInclude Include="Shader.h">
      <Filter>窗口类</Filter>
    </ClInclude>
    <ClInclude Include="xzdll.hpp">
      <Filter>控件类</Filter>
    </ClInclude>
    <ClInclude Include="BottomWindow.h">
      <Filter>窗口类</Filter>
    </ClInclude>
    <ClInclude Include="FileWind.h">
      <Filter>窗口类</Filter>
    </ClInclude>
    <ClInclude Include="OpenGLData.h">
      <Filter>头文件</Filter>
    </ClInclude>
  </ItemGroup>
  <ItemGroup>
    <ClCompile Include="主窗口.cpp">
      <Filter>源文件</Filter>
    </ClCompile>
    <ClCompile Include="Menu.cpp">
      <Filter>源文件</Filter>
    </ClCompile>
    <ClCompile Include="project.cpp">
      <Filter>源文件</Filter>
    </ClCompile>
    <ClCompile Include="WndData.cpp">
      <Filter>源文件</Filter>
    </ClCompile>
    <ClCompile Include="字符转换.cpp">
      <Filter>源文件\数据组件</Filter>
    </ClCompile>
    <ClCompile Include="消息窗口消息循环.cpp">
      <Filter>窗口类\消息循环</Filter>
    </ClCompile>
    <ClCompile Include="GDI画面窗口消息循环.cpp">
      <Filter>窗口类\消息循环</Filter>
    </ClCompile>
    <ClCompile Include="文件窗口消息循环.cpp">
      <Filter>窗口类\消息循环</Filter>
    </ClCompile>
    <ClCompile Include="vector_向量.cpp">
      <Filter>源文件</Filter>
    </ClCompile>
    <ClCompile Include="神经网络.cpp">
      <Filter>源文件</Filter>
    </ClCompile>
    <ClCompile Include="network.cpp">
      <Filter>源文件</Filter>
    </ClCompile>
    <ClCompile Include="Object.cpp">
      <Filter>源文件\数据组件</Filter>
    </ClCompile>
    <ClCompile Include="MainWind.cpp">
      <Filter>窗口类</Filter>
    </ClCompile>
    <ClCompile Include="DetaileWind.cpp">
      <Filter>窗口类</Filter>
    </ClCompile>
    <ClCompile Include="属性页窗口循环.cpp">
      <Filter>窗口类\消息循环</Filter>
    </ClCompile>
    <ClCompile Include="Tree_树控件.cpp">
      <Filter>控件类</Filter>
    </ClCompile>
    <ClCompile Include="DetaileControl.cpp">
      <Filter>控件类</Filter>
    </ClCompile>
    <ClCompile Include="D3D11消息循环.cpp">
      <Filter>窗口类\消息循环</Filter>
    </ClCompile>
    <ClCompile Include="glad.c">
      <Filter>源文件</Filter>
    </ClCompile>
    <ClCompile Include="stb_image.cpp">
      <Filter>源文件\数据组件</Filter>
    </ClCompile>
    <ClCompile Include="FileWind.cpp">
      <Filter>窗口类</Filter>
    </ClCompile>
    <ClCompile Include="BottomWindow.cpp">
      <Filter>窗口类</Filter>
    </ClCompile>
    <ClCompile Include="Command.cpp">
      <Filter>源文件</Filter>
    </ClCompile>
    <ClCompile Include="OpenGLData.cpp">
      <Filter>源文件</Filter>
    </ClCompile>
  </ItemGroup>
  <ItemGroup>
    <ResourceCompile Include="机器学习win.rc">
      <Filter>资源文件</Filter>
    </ResourceCompile>
  </ItemGroup>
  <ItemGroup>
    <Image Include="small.ico">
      <Filter>资源文件</Filter>
    </Image>
    <Image Include="机器学习win.ico">
      <Filter>资源文件</Filter>
    </Image>
    <Image Include="icon1.ico">
      <Filter>资源文件</Filter>
    </Image>
    <Image Include="C:\Users\xujiacheng\Pictures\贴图\文件夹-未打开（有）16.png">
      <Filter>资源文件</Filter>
    </Image>
    <Image Include="C:\Users\xujiacheng\Pictures\贴图\文件夹-未打开16.psd.png">
      <Filter>资源文件</Filter>
    </Image>
    <Image Include="C:\Users\xujiacheng\Pictures\贴图\文件夹-已打开（空）16.png">
      <Filter>资源文件</Filter>
    </Image>
    <Image Include="C:\Users\xujiacheng\Pictures\贴图\文件夹-已打开（有）16.png">
      <Filter>资源文件</Filter>
    </Image>
    <Image Include="C:\Users\xujiacheng\Pictures\贴图\模型.png">
      <Filter>资源文件</Filter>
    </Image>
    <Image Include="C:\Users\xujiacheng\Pictures\贴图\摄像机.png">
      <Filter>资源文件</Filter>
    </Image>
    <Image Include="C:\Users\xujiacheng\Pictures\贴图\图片.png">
      <Filter>资源文件</Filter>
    </Image>
    <Image Include="C:\Users\xujiacheng\Pictures\贴图\网格.png">
      <Filter>资源文件</Filter>
    </Image>
    <Image Include="C:\Users\xujiacheng\Pictures\贴图\未知文件.png">
      <Filter>资源文件</Filter>
    </Image>
    <Image Include="C:\Users\xujiacheng\Pictures\贴图\模型64.png">
      <Filter>资源文件</Filter>
    </Image>
    <Image Include="C:\Users\xujiacheng\Pictures\贴图\未知64.png">
      <Filter>资源文件</Filter>
    </Image>
    <Image Include="C:\Users\xujiacheng\Pictures\贴图\文件夹64.png">
      <Filter>资源文件</Filter>
    </Image>
    <Image Include="C:\Users\xujiacheng\Pictures\贴图\材质.png">
      <Filter>资源文件</Filter>
    </Image>
    <Image Include="C:\Users\xujiacheng\Pictures\贴图\材质64.png">
      <Filter>资源文件</Filter>
    </Image>
    <Image Include="C:\Users\xujiacheng\Pictures\贴图\摄像机64.png">
      <Filter>资源文件</Filter>
    </Image>
    <Image Include="C:\Users\xujiacheng\Pictures\贴图\图片64.png">
      <Filter>资源文件</Filter>
    </Image>
    <Image Include="C:\Users\xujiacheng\Pictures\贴图\网格64.png">
      <Filter>资源文件</Filter>
    </Image>
  </ItemGroup>
  <ItemGroup>
    <None Include="resource.hm">
      <Filter>头文件</Filter>
    </None>
    <None Include="packages.config" />
    <None Include="Shader\LightShader.glfs">
      <Filter>窗口类\着色器文件</Filter>
    </None>
    <None Include="Shader\LightShader.glvs">
      <Filter>窗口类\着色器文件</Filter>
    </None>
    <None Include="Shader\ModelShader.glfs">
      <Filter>窗口类\着色器文件</Filter>
    </None>
    <None Include="Shader\ModelShader.glvs">
      <Filter>窗口类\着色器文件</Filter>
    </None>
    <None Include="Shader\SkyBox.glfs">
      <Filter>窗口类\着色器文件</Filter>
    </None>
    <None Include="Shader\SkyBox.glvs">
      <Filter>窗口类\着色器文件</Filter>
    </None>
    <None Include="Shader\Stroke.glfs">
      <Filter>窗口类\着色器文件</Filter>
    </None>
  </ItemGroup>
</Project>